
Microsoft Visual Studio Solution File, Format Version 12.00
# Visual Studio 15
VisualStudioVersion = 15.0.28307.271
MinimumVisualStudioVersion = 10.0.40219.1
Project("{FAE04EC0-301F-11D3-BF4B-00C04F79EFBC}") = "NugetPackage", "NugetPackage\NugetPackage.csproj", "{FE9DAFC3-34DA-4F43-B784-78995FFE8FEA}"
EndProject
Global
	GlobalSection(SolutionConfigurationPlatforms) = preSolution
		Debug|Any CPU = Debug|Any CPU
		Release|Any CPU = Release|Any CPU
	EndGlobalSection
	GlobalSection(ProjectConfigurationPlatforms) = postSolution
		{FE9DAFC3-34DA-4F43-B784-78995FFE8FEA}.Debug|Any CPU.ActiveCfg = Debug|Any CPU
		{FE9DAFC3-34DA-4F43-B784-78995FFE8FEA}.Debug|Any CPU.Build.0 = Debug|Any CPU
		{FE9DAFC3-34DA-4F43-B784-78995FFE8FEA}.Release|Any CPU.ActiveCfg = Release|Any CPU
		{FE9DAFC3-34DA-4F43-B784-78995FFE8FEA}.Release|Any CPU.Build.0 = Release|Any CPU
	EndGlobalSection
	GlobalSection(SolutionProperties) = preSolution
		HideSolutionNode = FALSE
	EndGlobalSection
	GlobalSection(ExtensibilityGlobals) = postSolution
		SolutionGuid = {0E012A48-2318-45A4-9104-9585123FEF03}
	EndGlobalSection
EndGlobal
